// !$*UTF8*$!
{
	archiveVersion = 1;
	classes = {
	};
	objectVersion = 55;
	objects = {

/* Begin PBXBuildFile section */
		34A610F028883EB5002035EE /* UIColor+Hex.swift in Sources */ = {isa = PBXBuildFile; fileRef = 34A610EF28883EB5002035EE /* UIColor+Hex.swift */; };
		34A610F4288844A8002035EE /* IСryptocurrenciesViewModel.swift in Sources */ = {isa = PBXBuildFile; fileRef = 34A610F3288844A8002035EE /* IСryptocurrenciesViewModel.swift */; };
		34A610F628884CDD002035EE /* СryptocurrenciesViewModel.swift in Sources */ = {isa = PBXBuildFile; fileRef = 34A610F528884CDD002035EE /* СryptocurrenciesViewModel.swift */; };
		34A610F82888601F002035EE /* UIFont+Constants.swift in Sources */ = {isa = PBXBuildFile; fileRef = 34A610F72888601F002035EE /* UIFont+Constants.swift */; };
		34A6110128887595002035EE /* CryptoDetailViewController.swift in Sources */ = {isa = PBXBuildFile; fileRef = 34A6110028887595002035EE /* CryptoDetailViewController.swift */; };
		34A6110528887F2C002035EE /* DetailView.swift in Sources */ = {isa = PBXBuildFile; fileRef = 34A6110428887F2C002035EE /* DetailView.swift */; };
		94939B89681B0BDF2F99DC4F /* Pods_MVVMRxSwift_MVVMRxSwiftUITests.framework in Frameworks */ = {isa = PBXBuildFile; fileRef = 8907075F9DE60E55997BA03D /* Pods_MVVMRxSwift_MVVMRxSwiftUITests.framework */; };
		C449D1E60A49E1A030B63222 /* Pods_MVVMRxSwift.framework in Frameworks */ = {isa = PBXBuildFile; fileRef = E3983199A56AD9D02E475A38 /* Pods_MVVMRxSwift.framework */; };
		C72B1ADB2889C34C00116892 /* ProfileResponse.swift in Sources */ = {isa = PBXBuildFile; fileRef = C72B1ADA2889C34C00116892 /* ProfileResponse.swift */; };
		C72B1ADD2889EA1400116892 /* HeaderView.swift in Sources */ = {isa = PBXBuildFile; fileRef = C72B1ADC2889EA1400116892 /* HeaderView.swift */; };
		C72B1ADF2889EB6100116892 /* FooterView.swift in Sources */ = {isa = PBXBuildFile; fileRef = C72B1ADE2889EB6100116892 /* FooterView.swift */; };
		C73C4BD62889243A00C55990 /* IImageLoader.swift in Sources */ = {isa = PBXBuildFile; fileRef = C73C4BD52889243A00C55990 /* IImageLoader.swift */; };
		C73C4BD82889246200C55990 /* ImageLoader.swift in Sources */ = {isa = PBXBuildFile; fileRef = C73C4BD72889246200C55990 /* ImageLoader.swift */; };
		C73C4BDC2889249700C55990 /* IImageCache.swift in Sources */ = {isa = PBXBuildFile; fileRef = C73C4BDB2889249700C55990 /* IImageCache.swift */; };
		C73C4BDE288924AF00C55990 /* ImageCache.swift in Sources */ = {isa = PBXBuildFile; fileRef = C73C4BDD288924AF00C55990 /* ImageCache.swift */; };
		C73C4BE0288924D000C55990 /* ImageLoaderCustomErrors.swift in Sources */ = {isa = PBXBuildFile; fileRef = C73C4BDF288924D000C55990 /* ImageLoaderCustomErrors.swift */; };
		C73C4BE22889252E00C55990 /* AssetsImageEndpoints.swift in Sources */ = {isa = PBXBuildFile; fileRef = C73C4BE12889252E00C55990 /* AssetsImageEndpoints.swift */; };
		C73C4BE62889442600C55990 /* LineChartView.swift in Sources */ = {isa = PBXBuildFile; fileRef = C73C4BE52889442600C55990 /* LineChartView.swift */; };
		C73C4BE82889444500C55990 /* ChartLabel.swift in Sources */ = {isa = PBXBuildFile; fileRef = C73C4BE72889444500C55990 /* ChartLabel.swift */; };
		C73C4BEA2889446600C55990 /* LinePath.swift in Sources */ = {isa = PBXBuildFile; fileRef = C73C4BE92889446600C55990 /* LinePath.swift */; };
		C73C4BED2889448500C55990 /* LineChartViewModel.swift in Sources */ = {isa = PBXBuildFile; fileRef = C73C4BEC2889448500C55990 /* LineChartViewModel.swift */; };
		C73C4BEF288944B400C55990 /* LineView.swift in Sources */ = {isa = PBXBuildFile; fileRef = C73C4BEE288944B400C55990 /* LineView.swift */; };
		C73C4BF128894B9900C55990 /* TimeSeriesResponse.swift in Sources */ = {isa = PBXBuildFile; fileRef = C73C4BF028894B9900C55990 /* TimeSeriesResponse.swift */; };
		C7548D972889649400233488 /* Optional+isNullOrEmpty.swift in Sources */ = {isa = PBXBuildFile; fileRef = C7548D962889649400233488 /* Optional+isNullOrEmpty.swift */; };
		C77092F9288A724E00076E64 /* String+Round.swift in Sources */ = {isa = PBXBuildFile; fileRef = C77092F8288A724E00076E64 /* String+Round.swift */; };
		C77092FD288A7CB900076E64 /* IDetailsViewAssembly.swift in Sources */ = {isa = PBXBuildFile; fileRef = C77092FC288A7CB900076E64 /* IDetailsViewAssembly.swift */; };
		C77092FF288A7D1100076E64 /* DetailsViewAssembly.swift in Sources */ = {isa = PBXBuildFile; fileRef = C77092FE288A7D1100076E64 /* DetailsViewAssembly.swift */; };
		C778DBA2288A7E980002E17C /* MainCoordinator.swift in Sources */ = {isa = PBXBuildFile; fileRef = C778DBA1288A7E980002E17C /* MainCoordinator.swift */; };
		C778DBA5288A7EC00002E17C /* Coordinator.swift in Sources */ = {isa = PBXBuildFile; fileRef = C778DBA4288A7EC00002E17C /* Coordinator.swift */; };
		C778DBA8288A80CC0002E17C /* IСryptocurrenciesViewAssembly.swift in Sources */ = {isa = PBXBuildFile; fileRef = C778DBA7288A80CC0002E17C /* IСryptocurrenciesViewAssembly.swift */; };
		C778DBAC288A81440002E17C /* MainCoordinatorAssembly.swift in Sources */ = {isa = PBXBuildFile; fileRef = C778DBAB288A81440002E17C /* MainCoordinatorAssembly.swift */; };
		C785665D2887423600B95C3B /* AppDelegate.swift in Sources */ = {isa = PBXBuildFile; fileRef = C785665C2887423600B95C3B /* AppDelegate.swift */; };
		C785665F2887423600B95C3B /* SceneDelegate.swift in Sources */ = {isa = PBXBuildFile; fileRef = C785665E2887423600B95C3B /* SceneDelegate.swift */; };
		C78566612887423600B95C3B /* СryptocurrenciesViewController.swift in Sources */ = {isa = PBXBuildFile; fileRef = C78566602887423600B95C3B /* СryptocurrenciesViewController.swift */; };
		C78566662887423700B95C3B /* Assets.xcassets in Resources */ = {isa = PBXBuildFile; fileRef = C78566652887423700B95C3B /* Assets.xcassets */; };
		C78566692887423700B95C3B /* LaunchScreen.storyboard in Resources */ = {isa = PBXBuildFile; fileRef = C78566672887423700B95C3B /* LaunchScreen.storyboard */; };
		C78566742887423700B95C3B /* MVVMRxSwiftTests.swift in Sources */ = {isa = PBXBuildFile; fileRef = C78566732887423700B95C3B /* MVVMRxSwiftTests.swift */; };
		C785667E2887423700B95C3B /* MVVMRxSwiftUITests.swift in Sources */ = {isa = PBXBuildFile; fileRef = C785667D2887423700B95C3B /* MVVMRxSwiftUITests.swift */; };
		C78566802887423700B95C3B /* MVVMRxSwiftUITestsLaunchTests.swift in Sources */ = {isa = PBXBuildFile; fileRef = C785667F2887423700B95C3B /* MVVMRxSwiftUITestsLaunchTests.swift */; };
		C7856690288745F000B95C3B /* СryptocurrenciesViewAssembly.swift in Sources */ = {isa = PBXBuildFile; fileRef = C785668F288745F000B95C3B /* СryptocurrenciesViewAssembly.swift */; };
		C7856693288746DE00B95C3B /* DependencyAssembly.swift in Sources */ = {isa = PBXBuildFile; fileRef = C7856692288746DE00B95C3B /* DependencyAssembly.swift */; };
		C78566962887472E00B95C3B /* BaseViewController.swift in Sources */ = {isa = PBXBuildFile; fileRef = C78566952887472E00B95C3B /* BaseViewController.swift */; };
		C785669A2887482B00B95C3B /* IСryptocurrenciesController.swift in Sources */ = {isa = PBXBuildFile; fileRef = C78566992887482B00B95C3B /* IСryptocurrenciesController.swift */; };
		C78566A0288748A500B95C3B /* СryptocurrenciesCell.swift in Sources */ = {isa = PBXBuildFile; fileRef = C785669F288748A500B95C3B /* СryptocurrenciesCell.swift */; };
		C78566A2288748C700B95C3B /* СryptocurrenciesCellViewModel.swift in Sources */ = {isa = PBXBuildFile; fileRef = C78566A1288748C700B95C3B /* СryptocurrenciesCellViewModel.swift */; };
		C78566A728874A7900B95C3B /* Endpoint.swift in Sources */ = {isa = PBXBuildFile; fileRef = C78566A628874A7900B95C3B /* Endpoint.swift */; };
		C78566A928874A9500B95C3B /* Method.swift in Sources */ = {isa = PBXBuildFile; fileRef = C78566A828874A9500B95C3B /* Method.swift */; };
		C78566AB28874AA900B95C3B /* HTTPClient.swift in Sources */ = {isa = PBXBuildFile; fileRef = C78566AA28874AA900B95C3B /* HTTPClient.swift */; };
		C78566AD28874ABD00B95C3B /* URLSessionProtocol.swift in Sources */ = {isa = PBXBuildFile; fileRef = C78566AC28874ABD00B95C3B /* URLSessionProtocol.swift */; };
		C78566B128874AF200B95C3B /* RequestError.swift in Sources */ = {isa = PBXBuildFile; fileRef = C78566B028874AF200B95C3B /* RequestError.swift */; };
		C78566B52887513B00B95C3B /* СryptocurrenciesEndpoints.swift in Sources */ = {isa = PBXBuildFile; fileRef = C78566B42887513B00B95C3B /* СryptocurrenciesEndpoints.swift */; };
		C78566B8288762B800B95C3B /* AssetsResponse.swift in Sources */ = {isa = PBXBuildFile; fileRef = C78566B7288762B800B95C3B /* AssetsResponse.swift */; };
		C78566BA2887674900B95C3B /* CurrenciesService.swift in Sources */ = {isa = PBXBuildFile; fileRef = C78566B92887674900B95C3B /* CurrenciesService.swift */; };
		C78566BD2887677800B95C3B /* ICurrenciesService.swift in Sources */ = {isa = PBXBuildFile; fileRef = C78566BC2887677800B95C3B /* ICurrenciesService.swift */; };
		C78566C1288767B700B95C3B /* URLSession+URLSessionProtocol .swift in Sources */ = {isa = PBXBuildFile; fileRef = C78566C0288767B700B95C3B /* URLSession+URLSessionProtocol .swift */; };
		F7A6CBA386DEAD48678B8741 /* Pods_MVVMRxSwiftTests.framework in Frameworks */ = {isa = PBXBuildFile; fileRef = B20F19C777C75C9FC20CB4AD /* Pods_MVVMRxSwiftTests.framework */; };
/* End PBXBuildFile section */

/* Begin PBXContainerItemProxy section */
		C78566702887423700B95C3B /* PBXContainerItemProxy */ = {
			isa = PBXContainerItemProxy;
			containerPortal = C78566512887423600B95C3B /* Project object */;
			proxyType = 1;
			remoteGlobalIDString = C78566582887423600B95C3B;
			remoteInfo = MVVMRxSwift;
		};
		C785667A2887423700B95C3B /* PBXContainerItemProxy */ = {
			isa = PBXContainerItemProxy;
			containerPortal = C78566512887423600B95C3B /* Project object */;
			proxyType = 1;
			remoteGlobalIDString = C78566582887423600B95C3B;
			remoteInfo = MVVMRxSwift;
		};
/* End PBXContainerItemProxy section */

/* Begin PBXFileReference section */
		34A610EF28883EB5002035EE /* UIColor+Hex.swift */ = {isa = PBXFileReference; lastKnownFileType = sourcecode.swift; path = "UIColor+Hex.swift"; sourceTree = "<group>"; };
		34A610F3288844A8002035EE /* IСryptocurrenciesViewModel.swift */ = {isa = PBXFileReference; lastKnownFileType = sourcecode.swift; path = "IСryptocurrenciesViewModel.swift"; sourceTree = "<group>"; };
		34A610F528884CDD002035EE /* СryptocurrenciesViewModel.swift */ = {isa = PBXFileReference; lastKnownFileType = sourcecode.swift; path = "СryptocurrenciesViewModel.swift"; sourceTree = "<group>"; };
		34A610F72888601F002035EE /* UIFont+Constants.swift */ = {isa = PBXFileReference; lastKnownFileType = sourcecode.swift; path = "UIFont+Constants.swift"; sourceTree = "<group>"; };
		34A6110028887595002035EE /* CryptoDetailViewController.swift */ = {isa = PBXFileReference; lastKnownFileType = sourcecode.swift; path = CryptoDetailViewController.swift; sourceTree = "<group>"; };
		34A6110428887F2C002035EE /* DetailView.swift */ = {isa = PBXFileReference; lastKnownFileType = sourcecode.swift; path = DetailView.swift; sourceTree = "<group>"; };
		3EB945E7A88D8C242854467E /* Pods-MVVMRxSwift-MVVMRxSwiftUITests.release.xcconfig */ = {isa = PBXFileReference; includeInIndex = 1; lastKnownFileType = text.xcconfig; name = "Pods-MVVMRxSwift-MVVMRxSwiftUITests.release.xcconfig"; path = "Target Support Files/Pods-MVVMRxSwift-MVVMRxSwiftUITests/Pods-MVVMRxSwift-MVVMRxSwiftUITests.release.xcconfig"; sourceTree = "<group>"; };
		4BD808A57830EE8D7DCB69CA /* Pods-MVVMRxSwiftTests.release.xcconfig */ = {isa = PBXFileReference; includeInIndex = 1; lastKnownFileType = text.xcconfig; name = "Pods-MVVMRxSwiftTests.release.xcconfig"; path = "Target Support Files/Pods-MVVMRxSwiftTests/Pods-MVVMRxSwiftTests.release.xcconfig"; sourceTree = "<group>"; };
		6A9535F517B8C9ECE31C2CA0 /* Pods-MVVMRxSwiftTests.debug.xcconfig */ = {isa = PBXFileReference; includeInIndex = 1; lastKnownFileType = text.xcconfig; name = "Pods-MVVMRxSwiftTests.debug.xcconfig"; path = "Target Support Files/Pods-MVVMRxSwiftTests/Pods-MVVMRxSwiftTests.debug.xcconfig"; sourceTree = "<group>"; };
		8907075F9DE60E55997BA03D /* Pods_MVVMRxSwift_MVVMRxSwiftUITests.framework */ = {isa = PBXFileReference; explicitFileType = wrapper.framework; includeInIndex = 0; path = Pods_MVVMRxSwift_MVVMRxSwiftUITests.framework; sourceTree = BUILT_PRODUCTS_DIR; };
		936E8652C66ADB909EB468A2 /* Pods-MVVMRxSwift.release.xcconfig */ = {isa = PBXFileReference; includeInIndex = 1; lastKnownFileType = text.xcconfig; name = "Pods-MVVMRxSwift.release.xcconfig"; path = "Target Support Files/Pods-MVVMRxSwift/Pods-MVVMRxSwift.release.xcconfig"; sourceTree = "<group>"; };
		9BAE80FB64829E886A420E76 /* Pods-MVVMRxSwift.debug.xcconfig */ = {isa = PBXFileReference; includeInIndex = 1; lastKnownFileType = text.xcconfig; name = "Pods-MVVMRxSwift.debug.xcconfig"; path = "Target Support Files/Pods-MVVMRxSwift/Pods-MVVMRxSwift.debug.xcconfig"; sourceTree = "<group>"; };
		B20F19C777C75C9FC20CB4AD /* Pods_MVVMRxSwiftTests.framework */ = {isa = PBXFileReference; explicitFileType = wrapper.framework; includeInIndex = 0; path = Pods_MVVMRxSwiftTests.framework; sourceTree = BUILT_PRODUCTS_DIR; };
		C588318A4E7C9D88430A0463 /* Pods-MVVMRxSwift-MVVMRxSwiftUITests.debug.xcconfig */ = {isa = PBXFileReference; includeInIndex = 1; lastKnownFileType = text.xcconfig; name = "Pods-MVVMRxSwift-MVVMRxSwiftUITests.debug.xcconfig"; path = "Target Support Files/Pods-MVVMRxSwift-MVVMRxSwiftUITests/Pods-MVVMRxSwift-MVVMRxSwiftUITests.debug.xcconfig"; sourceTree = "<group>"; };
		C72B1ADA2889C34C00116892 /* ProfileResponse.swift */ = {isa = PBXFileReference; lastKnownFileType = sourcecode.swift; path = ProfileResponse.swift; sourceTree = "<group>"; };
		C72B1ADC2889EA1400116892 /* HeaderView.swift */ = {isa = PBXFileReference; lastKnownFileType = sourcecode.swift; path = HeaderView.swift; sourceTree = "<group>"; };
		C72B1ADE2889EB6100116892 /* FooterView.swift */ = {isa = PBXFileReference; lastKnownFileType = sourcecode.swift; path = FooterView.swift; sourceTree = "<group>"; };
		C73C4BD52889243A00C55990 /* IImageLoader.swift */ = {isa = PBXFileReference; lastKnownFileType = sourcecode.swift; path = IImageLoader.swift; sourceTree = "<group>"; };
		C73C4BD72889246200C55990 /* ImageLoader.swift */ = {isa = PBXFileReference; lastKnownFileType = sourcecode.swift; path = ImageLoader.swift; sourceTree = "<group>"; };
		C73C4BDB2889249700C55990 /* IImageCache.swift */ = {isa = PBXFileReference; lastKnownFileType = sourcecode.swift; path = IImageCache.swift; sourceTree = "<group>"; };
		C73C4BDD288924AF00C55990 /* ImageCache.swift */ = {isa = PBXFileReference; lastKnownFileType = sourcecode.swift; path = ImageCache.swift; sourceTree = "<group>"; };
		C73C4BDF288924D000C55990 /* ImageLoaderCustomErrors.swift */ = {isa = PBXFileReference; lastKnownFileType = sourcecode.swift; path = ImageLoaderCustomErrors.swift; sourceTree = "<group>"; };
		C73C4BE12889252E00C55990 /* AssetsImageEndpoints.swift */ = {isa = PBXFileReference; lastKnownFileType = sourcecode.swift; path = AssetsImageEndpoints.swift; sourceTree = "<group>"; };
		C73C4BE52889442600C55990 /* LineChartView.swift */ = {isa = PBXFileReference; lastKnownFileType = sourcecode.swift; path = LineChartView.swift; sourceTree = "<group>"; };
		C73C4BE72889444500C55990 /* ChartLabel.swift */ = {isa = PBXFileReference; lastKnownFileType = sourcecode.swift; path = ChartLabel.swift; sourceTree = "<group>"; };
		C73C4BE92889446600C55990 /* LinePath.swift */ = {isa = PBXFileReference; lastKnownFileType = sourcecode.swift; path = LinePath.swift; sourceTree = "<group>"; };
		C73C4BEC2889448500C55990 /* LineChartViewModel.swift */ = {isa = PBXFileReference; lastKnownFileType = sourcecode.swift; path = LineChartViewModel.swift; sourceTree = "<group>"; };
		C73C4BEE288944B400C55990 /* LineView.swift */ = {isa = PBXFileReference; lastKnownFileType = sourcecode.swift; path = LineView.swift; sourceTree = "<group>"; };
		C73C4BF028894B9900C55990 /* TimeSeriesResponse.swift */ = {isa = PBXFileReference; lastKnownFileType = sourcecode.swift; path = TimeSeriesResponse.swift; sourceTree = "<group>"; };
		C7548D962889649400233488 /* Optional+isNullOrEmpty.swift */ = {isa = PBXFileReference; lastKnownFileType = sourcecode.swift; path = "Optional+isNullOrEmpty.swift"; sourceTree = "<group>"; };
		C77092F8288A724E00076E64 /* String+Round.swift */ = {isa = PBXFileReference; lastKnownFileType = sourcecode.swift; path = "String+Round.swift"; sourceTree = "<group>"; };
		C77092FC288A7CB900076E64 /* IDetailsViewAssembly.swift */ = {isa = PBXFileReference; lastKnownFileType = sourcecode.swift; path = IDetailsViewAssembly.swift; sourceTree = "<group>"; };
		C77092FE288A7D1100076E64 /* DetailsViewAssembly.swift */ = {isa = PBXFileReference; lastKnownFileType = sourcecode.swift; path = DetailsViewAssembly.swift; sourceTree = "<group>"; };
		C778DBA1288A7E980002E17C /* MainCoordinator.swift */ = {isa = PBXFileReference; lastKnownFileType = sourcecode.swift; path = MainCoordinator.swift; sourceTree = "<group>"; };
		C778DBA4288A7EC00002E17C /* Coordinator.swift */ = {isa = PBXFileReference; lastKnownFileType = sourcecode.swift; path = Coordinator.swift; sourceTree = "<group>"; };
		C778DBA7288A80CC0002E17C /* IСryptocurrenciesViewAssembly.swift */ = {isa = PBXFileReference; lastKnownFileType = sourcecode.swift; path = "IСryptocurrenciesViewAssembly.swift"; sourceTree = "<group>"; };
		C778DBAB288A81440002E17C /* MainCoordinatorAssembly.swift */ = {isa = PBXFileReference; lastKnownFileType = sourcecode.swift; path = MainCoordinatorAssembly.swift; sourceTree = "<group>"; };
		C78566592887423600B95C3B /* MVVMRxSwift.app */ = {isa = PBXFileReference; explicitFileType = wrapper.application; includeInIndex = 0; path = MVVMRxSwift.app; sourceTree = BUILT_PRODUCTS_DIR; };
		C785665C2887423600B95C3B /* AppDelegate.swift */ = {isa = PBXFileReference; lastKnownFileType = sourcecode.swift; path = AppDelegate.swift; sourceTree = "<group>"; };
		C785665E2887423600B95C3B /* SceneDelegate.swift */ = {isa = PBXFileReference; lastKnownFileType = sourcecode.swift; path = SceneDelegate.swift; sourceTree = "<group>"; };
		C78566602887423600B95C3B /* СryptocurrenciesViewController.swift */ = {isa = PBXFileReference; lastKnownFileType = sourcecode.swift; path = "СryptocurrenciesViewController.swift"; sourceTree = "<group>"; };
		C78566652887423700B95C3B /* Assets.xcassets */ = {isa = PBXFileReference; lastKnownFileType = folder.assetcatalog; path = Assets.xcassets; sourceTree = "<group>"; };
		C78566682887423700B95C3B /* Base */ = {isa = PBXFileReference; lastKnownFileType = file.storyboard; name = Base; path = Base.lproj/LaunchScreen.storyboard; sourceTree = "<group>"; };
		C785666A2887423700B95C3B /* Info.plist */ = {isa = PBXFileReference; lastKnownFileType = text.plist.xml; path = Info.plist; sourceTree = "<group>"; };
		C785666F2887423700B95C3B /* MVVMRxSwiftTests.xctest */ = {isa = PBXFileReference; explicitFileType = wrapper.cfbundle; includeInIndex = 0; path = MVVMRxSwiftTests.xctest; sourceTree = BUILT_PRODUCTS_DIR; };
		C78566732887423700B95C3B /* MVVMRxSwiftTests.swift */ = {isa = PBXFileReference; lastKnownFileType = sourcecode.swift; path = MVVMRxSwiftTests.swift; sourceTree = "<group>"; };
		C78566792887423700B95C3B /* MVVMRxSwiftUITests.xctest */ = {isa = PBXFileReference; explicitFileType = wrapper.cfbundle; includeInIndex = 0; path = MVVMRxSwiftUITests.xctest; sourceTree = BUILT_PRODUCTS_DIR; };
		C785667D2887423700B95C3B /* MVVMRxSwiftUITests.swift */ = {isa = PBXFileReference; lastKnownFileType = sourcecode.swift; path = MVVMRxSwiftUITests.swift; sourceTree = "<group>"; };
		C785667F2887423700B95C3B /* MVVMRxSwiftUITestsLaunchTests.swift */ = {isa = PBXFileReference; lastKnownFileType = sourcecode.swift; path = MVVMRxSwiftUITestsLaunchTests.swift; sourceTree = "<group>"; };
		C785668F288745F000B95C3B /* СryptocurrenciesViewAssembly.swift */ = {isa = PBXFileReference; lastKnownFileType = sourcecode.swift; path = "СryptocurrenciesViewAssembly.swift"; sourceTree = "<group>"; };
		C7856692288746DE00B95C3B /* DependencyAssembly.swift */ = {isa = PBXFileReference; lastKnownFileType = sourcecode.swift; path = DependencyAssembly.swift; sourceTree = "<group>"; };
		C78566952887472E00B95C3B /* BaseViewController.swift */ = {isa = PBXFileReference; lastKnownFileType = sourcecode.swift; path = BaseViewController.swift; sourceTree = "<group>"; };
		C78566992887482B00B95C3B /* IСryptocurrenciesController.swift */ = {isa = PBXFileReference; lastKnownFileType = sourcecode.swift; path = "IСryptocurrenciesController.swift"; sourceTree = "<group>"; };
		C785669F288748A500B95C3B /* СryptocurrenciesCell.swift */ = {isa = PBXFileReference; lastKnownFileType = sourcecode.swift; path = "СryptocurrenciesCell.swift"; sourceTree = "<group>"; };
		C78566A1288748C700B95C3B /* СryptocurrenciesCellViewModel.swift */ = {isa = PBXFileReference; lastKnownFileType = sourcecode.swift; path = "СryptocurrenciesCellViewModel.swift"; sourceTree = "<group>"; };
		C78566A628874A7900B95C3B /* Endpoint.swift */ = {isa = PBXFileReference; lastKnownFileType = sourcecode.swift; path = Endpoint.swift; sourceTree = "<group>"; };
		C78566A828874A9500B95C3B /* Method.swift */ = {isa = PBXFileReference; lastKnownFileType = sourcecode.swift; path = Method.swift; sourceTree = "<group>"; };
		C78566AA28874AA900B95C3B /* HTTPClient.swift */ = {isa = PBXFileReference; lastKnownFileType = sourcecode.swift; path = HTTPClient.swift; sourceTree = "<group>"; };
		C78566AC28874ABD00B95C3B /* URLSessionProtocol.swift */ = {isa = PBXFileReference; lastKnownFileType = sourcecode.swift; path = URLSessionProtocol.swift; sourceTree = "<group>"; };
		C78566B028874AF200B95C3B /* RequestError.swift */ = {isa = PBXFileReference; lastKnownFileType = sourcecode.swift; path = RequestError.swift; sourceTree = "<group>"; };
		C78566B42887513B00B95C3B /* СryptocurrenciesEndpoints.swift */ = {isa = PBXFileReference; lastKnownFileType = sourcecode.swift; path = "СryptocurrenciesEndpoints.swift"; sourceTree = "<group>"; };
		C78566B7288762B800B95C3B /* AssetsResponse.swift */ = {isa = PBXFileReference; lastKnownFileType = sourcecode.swift; path = AssetsResponse.swift; sourceTree = "<group>"; };
		C78566B92887674900B95C3B /* CurrenciesService.swift */ = {isa = PBXFileReference; lastKnownFileType = sourcecode.swift; path = CurrenciesService.swift; sourceTree = "<group>"; };
		C78566BC2887677800B95C3B /* ICurrenciesService.swift */ = {isa = PBXFileReference; lastKnownFileType = sourcecode.swift; path = ICurrenciesService.swift; sourceTree = "<group>"; };
		C78566C0288767B700B95C3B /* URLSession+URLSessionProtocol .swift */ = {isa = PBXFileReference; lastKnownFileType = sourcecode.swift; path = "URLSession+URLSessionProtocol .swift"; sourceTree = "<group>"; };
		E3983199A56AD9D02E475A38 /* Pods_MVVMRxSwift.framework */ = {isa = PBXFileReference; explicitFileType = wrapper.framework; includeInIndex = 0; path = Pods_MVVMRxSwift.framework; sourceTree = BUILT_PRODUCTS_DIR; };
/* End PBXFileReference section */

/* Begin PBXFrameworksBuildPhase section */
		C78566562887423600B95C3B /* Frameworks */ = {
			isa = PBXFrameworksBuildPhase;
			buildActionMask = 2147483647;
			files = (
				C449D1E60A49E1A030B63222 /* Pods_MVVMRxSwift.framework in Frameworks */,
			);
			runOnlyForDeploymentPostprocessing = 0;
		};
		C785666C2887423700B95C3B /* Frameworks */ = {
			isa = PBXFrameworksBuildPhase;
			buildActionMask = 2147483647;
			files = (
				F7A6CBA386DEAD48678B8741 /* Pods_MVVMRxSwiftTests.framework in Frameworks */,
			);
			runOnlyForDeploymentPostprocessing = 0;
		};
		C78566762887423700B95C3B /* Frameworks */ = {
			isa = PBXFrameworksBuildPhase;
			buildActionMask = 2147483647;
			files = (
				94939B89681B0BDF2F99DC4F /* Pods_MVVMRxSwift_MVVMRxSwiftUITests.framework in Frameworks */,
			);
			runOnlyForDeploymentPostprocessing = 0;
		};
/* End PBXFrameworksBuildPhase section */

/* Begin PBXGroup section */
		249AB15C5B7D672FB4D6550D /* Pods */ = {
			isa = PBXGroup;
			children = (
				9BAE80FB64829E886A420E76 /* Pods-MVVMRxSwift.debug.xcconfig */,
				936E8652C66ADB909EB468A2 /* Pods-MVVMRxSwift.release.xcconfig */,
				C588318A4E7C9D88430A0463 /* Pods-MVVMRxSwift-MVVMRxSwiftUITests.debug.xcconfig */,
				3EB945E7A88D8C242854467E /* Pods-MVVMRxSwift-MVVMRxSwiftUITests.release.xcconfig */,
				6A9535F517B8C9ECE31C2CA0 /* Pods-MVVMRxSwiftTests.debug.xcconfig */,
				4BD808A57830EE8D7DCB69CA /* Pods-MVVMRxSwiftTests.release.xcconfig */,
			);
			path = Pods;
			sourceTree = "<group>";
		};
		34A610F128884492002035EE /* ViewModel */ = {
			isa = PBXGroup;
			children = (
				34A610F22888449C002035EE /* Protocol */,
				34A610F528884CDD002035EE /* СryptocurrenciesViewModel.swift */,
			);
			path = ViewModel;
			sourceTree = "<group>";
		};
		34A610F22888449C002035EE /* Protocol */ = {
			isa = PBXGroup;
			children = (
				34A610F3288844A8002035EE /* IСryptocurrenciesViewModel.swift */,
			);
			path = Protocol;
			sourceTree = "<group>";
		};
		34A610F9288874A9002035EE /* 2_СryptoDetail */ = {
			isa = PBXGroup;
			children = (
				C73C4BE328893C3C00C55990 /* Views */,
				34A610FA288874C2002035EE /* ViewModel */,
			);
			path = "2_СryptoDetail";
			sourceTree = "<group>";
		};
		34A610FA288874C2002035EE /* ViewModel */ = {
			isa = PBXGroup;
			children = (
				34A610FF28887576002035EE /* Protocol */,
			);
			path = ViewModel;
			sourceTree = "<group>";
		};
		34A610FF28887576002035EE /* Protocol */ = {
			isa = PBXGroup;
			children = (
				34A6110028887595002035EE /* CryptoDetailViewController.swift */,
			);
			path = Protocol;
			sourceTree = "<group>";
		};
		C73C4BD92889248100C55990 /* Cache */ = {
			isa = PBXGroup;
			children = (
				C73C4BDA2889248D00C55990 /* Protocol */,
				C73C4BDD288924AF00C55990 /* ImageCache.swift */,
			);
			path = Cache;
			sourceTree = "<group>";
		};
		C73C4BDA2889248D00C55990 /* Protocol */ = {
			isa = PBXGroup;
			children = (
				C73C4BDB2889249700C55990 /* IImageCache.swift */,
			);
			path = Protocol;
			sourceTree = "<group>";
		};
		C73C4BE328893C3C00C55990 /* Views */ = {
			isa = PBXGroup;
			children = (
				C73C4BEB2889447C00C55990 /* ViewModel */,
				C73C4BE428893F6600C55990 /* SubViews */,
				34A6110428887F2C002035EE /* DetailView.swift */,
			);
			path = Views;
			sourceTree = "<group>";
		};
		C73C4BE428893F6600C55990 /* SubViews */ = {
			isa = PBXGroup;
			children = (
				C73C4BE52889442600C55990 /* LineChartView.swift */,
				C73C4BE72889444500C55990 /* ChartLabel.swift */,
				C73C4BE92889446600C55990 /* LinePath.swift */,
				C73C4BEE288944B400C55990 /* LineView.swift */,
				C72B1ADC2889EA1400116892 /* HeaderView.swift */,
				C72B1ADE2889EB6100116892 /* FooterView.swift */,
			);
			path = SubViews;
			sourceTree = "<group>";
		};
		C73C4BEB2889447C00C55990 /* ViewModel */ = {
			isa = PBXGroup;
			children = (
				C73C4BEC2889448500C55990 /* LineChartViewModel.swift */,
			);
			path = ViewModel;
			sourceTree = "<group>";
		};
		C77092FA288A7C9200076E64 /* DetailsViewAssembly */ = {
			isa = PBXGroup;
			children = (
				C77092FB288A7CA700076E64 /* Protocol */,
				C77092FE288A7D1100076E64 /* DetailsViewAssembly.swift */,
			);
			path = DetailsViewAssembly;
			sourceTree = "<group>";
		};
		C77092FB288A7CA700076E64 /* Protocol */ = {
			isa = PBXGroup;
			children = (
				C77092FC288A7CB900076E64 /* IDetailsViewAssembly.swift */,
			);
			path = Protocol;
			sourceTree = "<group>";
		};
		C7709300288A7DA500076E64 /* Coordinators */ = {
			isa = PBXGroup;
			children = (
				C778DBA3288A7EB10002E17C /* Protocol */,
				C778DBA1288A7E980002E17C /* MainCoordinator.swift */,
			);
			path = Coordinators;
			sourceTree = "<group>";
		};
		C778DBA3288A7EB10002E17C /* Protocol */ = {
			isa = PBXGroup;
			children = (
				C778DBA4288A7EC00002E17C /* Coordinator.swift */,
			);
			path = Protocol;
			sourceTree = "<group>";
		};
		C778DBA6288A80C30002E17C /* Protocol */ = {
			isa = PBXGroup;
			children = (
				C778DBA7288A80CC0002E17C /* IСryptocurrenciesViewAssembly.swift */,
			);
			path = Protocol;
			sourceTree = "<group>";
		};
		C778DBA9288A80F00002E17C /* Assemblies */ = {
			isa = PBXGroup;
			children = (
				C778DBAA288A81320002E17C /* MainCoordinatorAssembly */,
				C77092FA288A7C9200076E64 /* DetailsViewAssembly */,
				C785668E288745E600B95C3B /* СryptocurrenciesViewAssembly */,
			);
			path = Assemblies;
			sourceTree = "<group>";
		};
		C778DBAA288A81320002E17C /* MainCoordinatorAssembly */ = {
			isa = PBXGroup;
			children = (
				C778DBAB288A81440002E17C /* MainCoordinatorAssembly.swift */,
			);
			path = MainCoordinatorAssembly;
			sourceTree = "<group>";
		};
		C78566502887423500B95C3B = {
			isa = PBXGroup;
			children = (
				C785665B2887423600B95C3B /* MVVMRxSwift */,
				C78566722887423700B95C3B /* MVVMRxSwiftTests */,
				C785667C2887423700B95C3B /* MVVMRxSwiftUITests */,
				C785665A2887423600B95C3B /* Products */,
				249AB15C5B7D672FB4D6550D /* Pods */,
				DE046D358EA5F095DE5A09F0 /* Frameworks */,
			);
			sourceTree = "<group>";
		};
		C785665A2887423600B95C3B /* Products */ = {
			isa = PBXGroup;
			children = (
				C78566592887423600B95C3B /* MVVMRxSwift.app */,
				C785666F2887423700B95C3B /* MVVMRxSwiftTests.xctest */,
				C78566792887423700B95C3B /* MVVMRxSwiftUITests.xctest */,
			);
			name = Products;
			sourceTree = "<group>";
		};
		C785665B2887423600B95C3B /* MVVMRxSwift */ = {
			isa = PBXGroup;
			children = (
				C785668C2887457800B95C3B /* Resources */,
				C78566BE288767A500B95C3B /* Helpers */,
				C78566912887462300B95C3B /* Dependency */,
				C78566A328874A5500B95C3B /* Services */,
				C785668D288745D400B95C3B /* PresentationLayer */,
				C78566AE28874ADB00B95C3B /* Models */,
			);
			path = MVVMRxSwift;
			sourceTree = "<group>";
		};
		C78566722887423700B95C3B /* MVVMRxSwiftTests */ = {
			isa = PBXGroup;
			children = (
				C78566732887423700B95C3B /* MVVMRxSwiftTests.swift */,
			);
			path = MVVMRxSwiftTests;
			sourceTree = "<group>";
		};
		C785667C2887423700B95C3B /* MVVMRxSwiftUITests */ = {
			isa = PBXGroup;
			children = (
				C785667D2887423700B95C3B /* MVVMRxSwiftUITests.swift */,
				C785667F2887423700B95C3B /* MVVMRxSwiftUITestsLaunchTests.swift */,
			);
			path = MVVMRxSwiftUITests;
			sourceTree = "<group>";
		};
		C785668C2887457800B95C3B /* Resources */ = {
			isa = PBXGroup;
			children = (
				C785665C2887423600B95C3B /* AppDelegate.swift */,
				C785665E2887423600B95C3B /* SceneDelegate.swift */,
				C78566652887423700B95C3B /* Assets.xcassets */,
				C78566672887423700B95C3B /* LaunchScreen.storyboard */,
				C785666A2887423700B95C3B /* Info.plist */,
			);
			path = Resources;
			sourceTree = "<group>";
		};
		C785668D288745D400B95C3B /* PresentationLayer */ = {
			isa = PBXGroup;
			children = (
				C7709300288A7DA500076E64 /* Coordinators */,
				C778DBA9288A80F00002E17C /* Assemblies */,
				C785669B2887486300B95C3B /* 1_Сryptocurrencies */,
				34A610F9288874A9002035EE /* 2_СryptoDetail */,
				C78566942887471F00B95C3B /* Base */,
			);
			path = PresentationLayer;
			sourceTree = "<group>";
		};
		C785668E288745E600B95C3B /* СryptocurrenciesViewAssembly */ = {
			isa = PBXGroup;
			children = (
				C778DBA6288A80C30002E17C /* Protocol */,
				C785668F288745F000B95C3B /* СryptocurrenciesViewAssembly.swift */,
			);
			path = "СryptocurrenciesViewAssembly";
			sourceTree = "<group>";
		};
		C78566912887462300B95C3B /* Dependency */ = {
			isa = PBXGroup;
			children = (
				C7856692288746DE00B95C3B /* DependencyAssembly.swift */,
			);
			path = Dependency;
			sourceTree = "<group>";
		};
		C78566942887471F00B95C3B /* Base */ = {
			isa = PBXGroup;
			children = (
				C78566952887472E00B95C3B /* BaseViewController.swift */,
			);
			path = Base;
			sourceTree = "<group>";
		};
		C78566972887481000B95C3B /* СryptocurrenciesController */ = {
			isa = PBXGroup;
			children = (
				C78566982887482100B95C3B /* Protocol */,
				C78566602887423600B95C3B /* СryptocurrenciesViewController.swift */,
			);
			path = "СryptocurrenciesController";
			sourceTree = "<group>";
		};
		C78566982887482100B95C3B /* Protocol */ = {
			isa = PBXGroup;
			children = (
				C78566992887482B00B95C3B /* IСryptocurrenciesController.swift */,
			);
			path = Protocol;
			sourceTree = "<group>";
		};
		C785669B2887486300B95C3B /* 1_Сryptocurrencies */ = {
			isa = PBXGroup;
			children = (
				C785669C2887488200B95C3B /* Views */,
				34A610F128884492002035EE /* ViewModel */,
				C78566972887481000B95C3B /* СryptocurrenciesController */,
			);
			path = "1_Сryptocurrencies";
			sourceTree = "<group>";
		};
		C785669C2887488200B95C3B /* Views */ = {
			isa = PBXGroup;
			children = (
				C785669D2887488D00B95C3B /* СryptocurrenciesCell */,
			);
			path = Views;
			sourceTree = "<group>";
		};
		C785669D2887488D00B95C3B /* СryptocurrenciesCell */ = {
			isa = PBXGroup;
			children = (
				C785669E2887489600B95C3B /* ViewModel */,
				C785669F288748A500B95C3B /* СryptocurrenciesCell.swift */,
			);
			path = "СryptocurrenciesCell";
			sourceTree = "<group>";
		};
		C785669E2887489600B95C3B /* ViewModel */ = {
			isa = PBXGroup;
			children = (
				C78566A1288748C700B95C3B /* СryptocurrenciesCellViewModel.swift */,
			);
			path = ViewModel;
			sourceTree = "<group>";
		};
		C78566A328874A5500B95C3B /* Services */ = {
			isa = PBXGroup;
			children = (
				C78566A428874A5C00B95C3B /* NetworkLayer */,
				C78566BB2887677000B95C3B /* Protocols */,
				C78566B92887674900B95C3B /* CurrenciesService.swift */,
				C73C4BD72889246200C55990 /* ImageLoader.swift */,
			);
			path = Services;
			sourceTree = "<group>";
		};
		C78566A428874A5C00B95C3B /* NetworkLayer */ = {
			isa = PBXGroup;
			children = (
				C78566A528874A6600B95C3B /* Protocols */,
				C78566B42887513B00B95C3B /* СryptocurrenciesEndpoints.swift */,
				C73C4BE12889252E00C55990 /* AssetsImageEndpoints.swift */,
			);
			path = NetworkLayer;
			sourceTree = "<group>";
		};
		C78566A528874A6600B95C3B /* Protocols */ = {
			isa = PBXGroup;
			children = (
				C78566A628874A7900B95C3B /* Endpoint.swift */,
				C78566A828874A9500B95C3B /* Method.swift */,
				C78566AA28874AA900B95C3B /* HTTPClient.swift */,
				C78566AC28874ABD00B95C3B /* URLSessionProtocol.swift */,
			);
			path = Protocols;
			sourceTree = "<group>";
		};
		C78566AE28874ADB00B95C3B /* Models */ = {
			isa = PBXGroup;
			children = (
				C78566B62887628800B95C3B /* Api */,
				C78566AF28874AE900B95C3B /* Errors */,
			);
			path = Models;
			sourceTree = "<group>";
		};
		C78566AF28874AE900B95C3B /* Errors */ = {
			isa = PBXGroup;
			children = (
				C78566B028874AF200B95C3B /* RequestError.swift */,
				C73C4BDF288924D000C55990 /* ImageLoaderCustomErrors.swift */,
			);
			path = Errors;
			sourceTree = "<group>";
		};
		C78566B62887628800B95C3B /* Api */ = {
			isa = PBXGroup;
			children = (
				C78566B7288762B800B95C3B /* AssetsResponse.swift */,
				C73C4BF028894B9900C55990 /* TimeSeriesResponse.swift */,
				C72B1ADA2889C34C00116892 /* ProfileResponse.swift */,
			);
			path = Api;
			sourceTree = "<group>";
		};
		C78566BB2887677000B95C3B /* Protocols */ = {
			isa = PBXGroup;
			children = (
				C78566BC2887677800B95C3B /* ICurrenciesService.swift */,
				C73C4BD52889243A00C55990 /* IImageLoader.swift */,
			);
			path = Protocols;
			sourceTree = "<group>";
		};
		C78566BE288767A500B95C3B /* Helpers */ = {
			isa = PBXGroup;
			children = (
				C73C4BD92889248100C55990 /* Cache */,
				C78566BF288767AD00B95C3B /* Extensions */,
			);
			path = Helpers;
			sourceTree = "<group>";
		};
		C78566BF288767AD00B95C3B /* Extensions */ = {
			isa = PBXGroup;
			children = (
				C78566C0288767B700B95C3B /* URLSession+URLSessionProtocol .swift */,
				34A610EF28883EB5002035EE /* UIColor+Hex.swift */,
				34A610F72888601F002035EE /* UIFont+Constants.swift */,
				C7548D962889649400233488 /* Optional+isNullOrEmpty.swift */,
				C77092F8288A724E00076E64 /* String+Round.swift */,
			);
			path = Extensions;
			sourceTree = "<group>";
		};
		DE046D358EA5F095DE5A09F0 /* Frameworks */ = {
			isa = PBXGroup;
			children = (
				E3983199A56AD9D02E475A38 /* Pods_MVVMRxSwift.framework */,
				8907075F9DE60E55997BA03D /* Pods_MVVMRxSwift_MVVMRxSwiftUITests.framework */,
				B20F19C777C75C9FC20CB4AD /* Pods_MVVMRxSwiftTests.framework */,
			);
			name = Frameworks;
			sourceTree = "<group>";
		};
/* End PBXGroup section */

/* Begin PBXNativeTarget section */
		C78566582887423600B95C3B /* MVVMRxSwift */ = {
			isa = PBXNativeTarget;
			buildConfigurationList = C78566832887423700B95C3B /* Build configuration list for PBXNativeTarget "MVVMRxSwift" */;
			buildPhases = (
				144E306F124353749E703992 /* [CP] Check Pods Manifest.lock */,
				C78566552887423600B95C3B /* Sources */,
				C78566562887423600B95C3B /* Frameworks */,
				C78566572887423600B95C3B /* Resources */,
				076B46AC495DDA1AECE6162E /* [CP] Embed Pods Frameworks */,
				C78566B328874B8000B95C3B /* SwiftLint */,
			);
			buildRules = (
			);
			dependencies = (
			);
			name = MVVMRxSwift;
			productName = MVVMRxSwift;
			productReference = C78566592887423600B95C3B /* MVVMRxSwift.app */;
			productType = "com.apple.product-type.application";
		};
		C785666E2887423700B95C3B /* MVVMRxSwiftTests */ = {
			isa = PBXNativeTarget;
			buildConfigurationList = C78566862887423700B95C3B /* Build configuration list for PBXNativeTarget "MVVMRxSwiftTests" */;
			buildPhases = (
				2C35F1F684065D2C6DA5017F /* [CP] Check Pods Manifest.lock */,
				C785666B2887423700B95C3B /* Sources */,
				C785666C2887423700B95C3B /* Frameworks */,
				C785666D2887423700B95C3B /* Resources */,
			);
			buildRules = (
			);
			dependencies = (
				C78566712887423700B95C3B /* PBXTargetDependency */,
			);
			name = MVVMRxSwiftTests;
			productName = MVVMRxSwiftTests;
			productReference = C785666F2887423700B95C3B /* MVVMRxSwiftTests.xctest */;
			productType = "com.apple.product-type.bundle.unit-test";
		};
		C78566782887423700B95C3B /* MVVMRxSwiftUITests */ = {
			isa = PBXNativeTarget;
			buildConfigurationList = C78566892887423700B95C3B /* Build configuration list for PBXNativeTarget "MVVMRxSwiftUITests" */;
			buildPhases = (
				F744F8C53E426C7834CBA386 /* [CP] Check Pods Manifest.lock */,
				C78566752887423700B95C3B /* Sources */,
				C78566762887423700B95C3B /* Frameworks */,
				C78566772887423700B95C3B /* Resources */,
				97DD936EF3C79748F2A43793 /* [CP] Embed Pods Frameworks */,
			);
			buildRules = (
			);
			dependencies = (
				C785667B2887423700B95C3B /* PBXTargetDependency */,
			);
			name = MVVMRxSwiftUITests;
			productName = MVVMRxSwiftUITests;
			productReference = C78566792887423700B95C3B /* MVVMRxSwiftUITests.xctest */;
			productType = "com.apple.product-type.bundle.ui-testing";
		};
/* End PBXNativeTarget section */

/* Begin PBXProject section */
		C78566512887423600B95C3B /* Project object */ = {
			isa = PBXProject;
			attributes = {
				BuildIndependentTargetsInParallel = 1;
				LastSwiftUpdateCheck = 1340;
				LastUpgradeCheck = 1340;
				TargetAttributes = {
					C78566582887423600B95C3B = {
						CreatedOnToolsVersion = 13.4.1;
					};
					C785666E2887423700B95C3B = {
						CreatedOnToolsVersion = 13.4.1;
						TestTargetID = C78566582887423600B95C3B;
					};
					C78566782887423700B95C3B = {
						CreatedOnToolsVersion = 13.4.1;
						TestTargetID = C78566582887423600B95C3B;
					};
				};
			};
			buildConfigurationList = C78566542887423600B95C3B /* Build configuration list for PBXProject "MVVMRxSwift" */;
			compatibilityVersion = "Xcode 13.0";
			developmentRegion = en;
			hasScannedForEncodings = 0;
			knownRegions = (
				en,
				Base,
			);
			mainGroup = C78566502887423500B95C3B;
			productRefGroup = C785665A2887423600B95C3B /* Products */;
			projectDirPath = "";
			projectRoot = "";
			targets = (
				C78566582887423600B95C3B /* MVVMRxSwift */,
				C785666E2887423700B95C3B /* MVVMRxSwiftTests */,
				C78566782887423700B95C3B /* MVVMRxSwiftUITests */,
			);
		};
/* End PBXProject section */

/* Begin PBXResourcesBuildPhase section */
		C78566572887423600B95C3B /* Resources */ = {
			isa = PBXResourcesBuildPhase;
			buildActionMask = 2147483647;
			files = (
				C78566692887423700B95C3B /* LaunchScreen.storyboard in Resources */,
				C78566662887423700B95C3B /* Assets.xcassets in Resources */,
			);
			runOnlyForDeploymentPostprocessing = 0;
		};
		C785666D2887423700B95C3B /* Resources */ = {
			isa = PBXResourcesBuildPhase;
			buildActionMask = 2147483647;
			files = (
			);
			runOnlyForDeploymentPostprocessing = 0;
		};
		C78566772887423700B95C3B /* Resources */ = {
			isa = PBXResourcesBuildPhase;
			buildActionMask = 2147483647;
			files = (
			);
			runOnlyForDeploymentPostprocessing = 0;
		};
/* End PBXResourcesBuildPhase section */

/* Begin PBXShellScriptBuildPhase section */
		076B46AC495DDA1AECE6162E /* [CP] Embed Pods Frameworks */ = {
			isa = PBXShellScriptBuildPhase;
			buildActionMask = 2147483647;
			files = (
			);
			inputFileListPaths = (
				"${PODS_ROOT}/Target Support Files/Pods-MVVMRxSwift/Pods-MVVMRxSwift-frameworks-${CONFIGURATION}-input-files.xcfilelist",
			);
			name = "[CP] Embed Pods Frameworks";
			outputFileListPaths = (
				"${PODS_ROOT}/Target Support Files/Pods-MVVMRxSwift/Pods-MVVMRxSwift-frameworks-${CONFIGURATION}-output-files.xcfilelist",
			);
			runOnlyForDeploymentPostprocessing = 0;
			shellPath = /bin/sh;
			shellScript = "\"${PODS_ROOT}/Target Support Files/Pods-MVVMRxSwift/Pods-MVVMRxSwift-frameworks.sh\"\n";
			showEnvVarsInLog = 0;
		};
		144E306F124353749E703992 /* [CP] Check Pods Manifest.lock */ = {
			isa = PBXShellScriptBuildPhase;
			buildActionMask = 2147483647;
			files = (
			);
			inputFileListPaths = (
			);
			inputPaths = (
				"${PODS_PODFILE_DIR_PATH}/Podfile.lock",
				"${PODS_ROOT}/Manifest.lock",
			);
			name = "[CP] Check Pods Manifest.lock";
			outputFileListPaths = (
			);
			outputPaths = (
				"$(DERIVED_FILE_DIR)/Pods-MVVMRxSwift-checkManifestLockResult.txt",
			);
			runOnlyForDeploymentPostprocessing = 0;
			shellPath = /bin/sh;
			shellScript = "diff \"${PODS_PODFILE_DIR_PATH}/Podfile.lock\" \"${PODS_ROOT}/Manifest.lock\" > /dev/null\nif [ $? != 0 ] ; then\n    # print error to STDERR\n    echo \"error: The sandbox is not in sync with the Podfile.lock. Run 'pod install' or update your CocoaPods installation.\" >&2\n    exit 1\nfi\n# This output is used by Xcode 'outputs' to avoid re-running this script phase.\necho \"SUCCESS\" > \"${SCRIPT_OUTPUT_FILE_0}\"\n";
			showEnvVarsInLog = 0;
		};
		2C35F1F684065D2C6DA5017F /* [CP] Check Pods Manifest.lock */ = {
			isa = PBXShellScriptBuildPhase;
			buildActionMask = 2147483647;
			files = (
			);
			inputFileListPaths = (
			);
			inputPaths = (
				"${PODS_PODFILE_DIR_PATH}/Podfile.lock",
				"${PODS_ROOT}/Manifest.lock",
			);
			name = "[CP] Check Pods Manifest.lock";
			outputFileListPaths = (
			);
			outputPaths = (
				"$(DERIVED_FILE_DIR)/Pods-MVVMRxSwiftTests-checkManifestLockResult.txt",
			);
			runOnlyForDeploymentPostprocessing = 0;
			shellPath = /bin/sh;
			shellScript = "diff \"${PODS_PODFILE_DIR_PATH}/Podfile.lock\" \"${PODS_ROOT}/Manifest.lock\" > /dev/null\nif [ $? != 0 ] ; then\n    # print error to STDERR\n    echo \"error: The sandbox is not in sync with the Podfile.lock. Run 'pod install' or update your CocoaPods installation.\" >&2\n    exit 1\nfi\n# This output is used by Xcode 'outputs' to avoid re-running this script phase.\necho \"SUCCESS\" > \"${SCRIPT_OUTPUT_FILE_0}\"\n";
			showEnvVarsInLog = 0;
		};
		97DD936EF3C79748F2A43793 /* [CP] Embed Pods Frameworks */ = {
			isa = PBXShellScriptBuildPhase;
			buildActionMask = 2147483647;
			files = (
			);
			inputFileListPaths = (
				"${PODS_ROOT}/Target Support Files/Pods-MVVMRxSwift-MVVMRxSwiftUITests/Pods-MVVMRxSwift-MVVMRxSwiftUITests-frameworks-${CONFIGURATION}-input-files.xcfilelist",
			);
			name = "[CP] Embed Pods Frameworks";
			outputFileListPaths = (
				"${PODS_ROOT}/Target Support Files/Pods-MVVMRxSwift-MVVMRxSwiftUITests/Pods-MVVMRxSwift-MVVMRxSwiftUITests-frameworks-${CONFIGURATION}-output-files.xcfilelist",
			);
			runOnlyForDeploymentPostprocessing = 0;
			shellPath = /bin/sh;
			shellScript = "\"${PODS_ROOT}/Target Support Files/Pods-MVVMRxSwift-MVVMRxSwiftUITests/Pods-MVVMRxSwift-MVVMRxSwiftUITests-frameworks.sh\"\n";
			showEnvVarsInLog = 0;
		};
		C78566B328874B8000B95C3B /* SwiftLint */ = {
			isa = PBXShellScriptBuildPhase;
			buildActionMask = 2147483647;
			files = (
			);
			inputFileListPaths = (
			);
			inputPaths = (
			);
			name = SwiftLint;
			outputFileListPaths = (
			);
			outputPaths = (
			);
			runOnlyForDeploymentPostprocessing = 0;
			shellPath = /bin/sh;
			shellScript = "export PATH=\"$PATH:/opt/homebrew/bin\"\nif which swiftlint >/dev/null; then\nswiftlint\nelse\necho \"warning: SwiftLint not installed, download from https://github.com/realm/SwiftLint\"\nfi\n";
		};
		F744F8C53E426C7834CBA386 /* [CP] Check Pods Manifest.lock */ = {
			isa = PBXShellScriptBuildPhase;
			buildActionMask = 2147483647;
			files = (
			);
			inputFileListPaths = (
			);
			inputPaths = (
				"${PODS_PODFILE_DIR_PATH}/Podfile.lock",
				"${PODS_ROOT}/Manifest.lock",
			);
			name = "[CP] Check Pods Manifest.lock";
			outputFileListPaths = (
			);
			outputPaths = (
				"$(DERIVED_FILE_DIR)/Pods-MVVMRxSwift-MVVMRxSwiftUITests-checkManifestLockResult.txt",
			);
			runOnlyForDeploymentPostprocessing = 0;
			shellPath = /bin/sh;
			shellScript = "diff \"${PODS_PODFILE_DIR_PATH}/Podfile.lock\" \"${PODS_ROOT}/Manifest.lock\" > /dev/null\nif [ $? != 0 ] ; then\n    # print error to STDERR\n    echo \"error: The sandbox is not in sync with the Podfile.lock. Run 'pod install' or update your CocoaPods installation.\" >&2\n    exit 1\nfi\n# This output is used by Xcode 'outputs' to avoid re-running this script phase.\necho \"SUCCESS\" > \"${SCRIPT_OUTPUT_FILE_0}\"\n";
			showEnvVarsInLog = 0;
		};
/* End PBXShellScriptBuildPhase section */

/* Begin PBXSourcesBuildPhase section */
		C78566552887423600B95C3B /* Sources */ = {
			isa = PBXSourcesBuildPhase;
			buildActionMask = 2147483647;
			files = (
				C73C4BDE288924AF00C55990 /* ImageCache.swift in Sources */,
				C778DBAC288A81440002E17C /* MainCoordinatorAssembly.swift in Sources */,
				C77092FF288A7D1100076E64 /* DetailsViewAssembly.swift in Sources */,
				34A610F028883EB5002035EE /* UIColor+Hex.swift in Sources */,
				C73C4BE62889442600C55990 /* LineChartView.swift in Sources */,
				C78566B128874AF200B95C3B /* RequestError.swift in Sources */,
				C77092FD288A7CB900076E64 /* IDetailsViewAssembly.swift in Sources */,
				C78566B8288762B800B95C3B /* AssetsResponse.swift in Sources */,
				C78566A2288748C700B95C3B /* СryptocurrenciesCellViewModel.swift in Sources */,
				C73C4BF128894B9900C55990 /* TimeSeriesResponse.swift in Sources */,
				C77092F9288A724E00076E64 /* String+Round.swift in Sources */,
				C78566C1288767B700B95C3B /* URLSession+URLSessionProtocol .swift in Sources */,
				C785669A2887482B00B95C3B /* IСryptocurrenciesController.swift in Sources */,
				C72B1ADF2889EB6100116892 /* FooterView.swift in Sources */,
				C73C4BEF288944B400C55990 /* LineView.swift in Sources */,
				C78566BD2887677800B95C3B /* ICurrenciesService.swift in Sources */,
				34A6110528887F2C002035EE /* DetailView.swift in Sources */,
				C78566AB28874AA900B95C3B /* HTTPClient.swift in Sources */,
				C72B1ADD2889EA1400116892 /* HeaderView.swift in Sources */,
				C7856690288745F000B95C3B /* СryptocurrenciesViewAssembly.swift in Sources */,
				C78566612887423600B95C3B /* СryptocurrenciesViewController.swift in Sources */,
				34A610F82888601F002035EE /* UIFont+Constants.swift in Sources */,
				C73C4BD62889243A00C55990 /* IImageLoader.swift in Sources */,
				C73C4BD82889246200C55990 /* ImageLoader.swift in Sources */,
				C78566A728874A7900B95C3B /* Endpoint.swift in Sources */,
				C73C4BE0288924D000C55990 /* ImageLoaderCustomErrors.swift in Sources */,
				C73C4BE82889444500C55990 /* ChartLabel.swift in Sources */,
				C78566B52887513B00B95C3B /* СryptocurrenciesEndpoints.swift in Sources */,
				C7856693288746DE00B95C3B /* DependencyAssembly.swift in Sources */,
				C778DBA8288A80CC0002E17C /* IСryptocurrenciesViewAssembly.swift in Sources */,
				C7548D972889649400233488 /* Optional+isNullOrEmpty.swift in Sources */,
				C785665D2887423600B95C3B /* AppDelegate.swift in Sources */,
				C78566BA2887674900B95C3B /* CurrenciesService.swift in Sources */,
				34A610F628884CDD002035EE /* СryptocurrenciesViewModel.swift in Sources */,
				C78566AD28874ABD00B95C3B /* URLSessionProtocol.swift in Sources */,
				C73C4BEA2889446600C55990 /* LinePath.swift in Sources */,
				34A610F4288844A8002035EE /* IСryptocurrenciesViewModel.swift in Sources */,
				C73C4BDC2889249700C55990 /* IImageCache.swift in Sources */,
				C72B1ADB2889C34C00116892 /* ProfileResponse.swift in Sources */,
				C73C4BED2889448500C55990 /* LineChartViewModel.swift in Sources */,
				C785665F2887423600B95C3B /* SceneDelegate.swift in Sources */,
				C78566962887472E00B95C3B /* BaseViewController.swift in Sources */,
				C778DBA5288A7EC00002E17C /* Coordinator.swift in Sources */,
				C78566A0288748A500B95C3B /* СryptocurrenciesCell.swift in Sources */,
				C78566A928874A9500B95C3B /* Method.swift in Sources */,
				34A6110128887595002035EE /* CryptoDetailViewController.swift in Sources */,
				C778DBA2288A7E980002E17C /* MainCoordinator.swift in Sources */,
				C73C4BE22889252E00C55990 /* AssetsImageEndpoints.swift in Sources */,
			);
			runOnlyForDeploymentPostprocessing = 0;
		};
		C785666B2887423700B95C3B /* Sources */ = {
			isa = PBXSourcesBuildPhase;
			buildActionMask = 2147483647;
			files = (
				C78566742887423700B95C3B /* MVVMRxSwiftTests.swift in Sources */,
			);
			runOnlyForDeploymentPostprocessing = 0;
		};
		C78566752887423700B95C3B /* Sources */ = {
			isa = PBXSourcesBuildPhase;
			buildActionMask = 2147483647;
			files = (
				C78566802887423700B95C3B /* MVVMRxSwiftUITestsLaunchTests.swift in Sources */,
				C785667E2887423700B95C3B /* MVVMRxSwiftUITests.swift in Sources */,
			);
			runOnlyForDeploymentPostprocessing = 0;
		};
/* End PBXSourcesBuildPhase section */

/* Begin PBXTargetDependency section */
		C78566712887423700B95C3B /* PBXTargetDependency */ = {
			isa = PBXTargetDependency;
			target = C78566582887423600B95C3B /* MVVMRxSwift */;
			targetProxy = C78566702887423700B95C3B /* PBXContainerItemProxy */;
		};
		C785667B2887423700B95C3B /* PBXTargetDependency */ = {
			isa = PBXTargetDependency;
			target = C78566582887423600B95C3B /* MVVMRxSwift */;
			targetProxy = C785667A2887423700B95C3B /* PBXContainerItemProxy */;
		};
/* End PBXTargetDependency section */

/* Begin PBXVariantGroup section */
		C78566672887423700B95C3B /* LaunchScreen.storyboard */ = {
			isa = PBXVariantGroup;
			children = (
				C78566682887423700B95C3B /* Base */,
			);
			name = LaunchScreen.storyboard;
			sourceTree = "<group>";
		};
/* End PBXVariantGroup section */

/* Begin XCBuildConfiguration section */
		C78566812887423700B95C3B /* Debug */ = {
			isa = XCBuildConfiguration;
			buildSettings = {
				ALWAYS_SEARCH_USER_PATHS = NO;
				CLANG_ANALYZER_NONNULL = YES;
				CLANG_ANALYZER_NUMBER_OBJECT_CONVERSION = YES_AGGRESSIVE;
				CLANG_CXX_LANGUAGE_STANDARD = "gnu++17";
				CLANG_ENABLE_MODULES = YES;
				CLANG_ENABLE_OBJC_ARC = YES;
				CLANG_ENABLE_OBJC_WEAK = YES;
				CLANG_WARN_BLOCK_CAPTURE_AUTORELEASING = YES;
				CLANG_WARN_BOOL_CONVERSION = YES;
				CLANG_WARN_COMMA = YES;
				CLANG_WARN_CONSTANT_CONVERSION = YES;
				CLANG_WARN_DEPRECATED_OBJC_IMPLEMENTATIONS = YES;
				CLANG_WARN_DIRECT_OBJC_ISA_USAGE = YES_ERROR;
				CLANG_WARN_DOCUMENTATION_COMMENTS = YES;
				CLANG_WARN_EMPTY_BODY = YES;
				CLANG_WARN_ENUM_CONVERSION = YES;
				CLANG_WARN_INFINITE_RECURSION = YES;
				CLANG_WARN_INT_CONVERSION = YES;
				CLANG_WARN_NON_LITERAL_NULL_CONVERSION = YES;
				CLANG_WARN_OBJC_IMPLICIT_RETAIN_SELF = YES;
				CLANG_WARN_OBJC_LITERAL_CONVERSION = YES;
				CLANG_WARN_OBJC_ROOT_CLASS = YES_ERROR;
				CLANG_WARN_QUOTED_INCLUDE_IN_FRAMEWORK_HEADER = YES;
				CLANG_WARN_RANGE_LOOP_ANALYSIS = YES;
				CLANG_WARN_STRICT_PROTOTYPES = YES;
				CLANG_WARN_SUSPICIOUS_MOVE = YES;
				CLANG_WARN_UNGUARDED_AVAILABILITY = YES_AGGRESSIVE;
				CLANG_WARN_UNREACHABLE_CODE = YES;
				CLANG_WARN__DUPLICATE_METHOD_MATCH = YES;
				COPY_PHASE_STRIP = NO;
				DEBUG_INFORMATION_FORMAT = dwarf;
				ENABLE_STRICT_OBJC_MSGSEND = YES;
				ENABLE_TESTABILITY = YES;
				GCC_C_LANGUAGE_STANDARD = gnu11;
				GCC_DYNAMIC_NO_PIC = NO;
				GCC_NO_COMMON_BLOCKS = YES;
				GCC_OPTIMIZATION_LEVEL = 0;
				GCC_PREPROCESSOR_DEFINITIONS = (
					"DEBUG=1",
					"$(inherited)",
				);
				GCC_WARN_64_TO_32_BIT_CONVERSION = YES;
				GCC_WARN_ABOUT_RETURN_TYPE = YES_ERROR;
				GCC_WARN_UNDECLARED_SELECTOR = YES;
				GCC_WARN_UNINITIALIZED_AUTOS = YES_AGGRESSIVE;
				GCC_WARN_UNUSED_FUNCTION = YES;
				GCC_WARN_UNUSED_VARIABLE = YES;
				IPHONEOS_DEPLOYMENT_TARGET = 15.5;
				MTL_ENABLE_DEBUG_INFO = INCLUDE_SOURCE;
				MTL_FAST_MATH = YES;
				ONLY_ACTIVE_ARCH = YES;
				SDKROOT = iphoneos;
				SWIFT_ACTIVE_COMPILATION_CONDITIONS = DEBUG;
				SWIFT_OPTIMIZATION_LEVEL = "-Onone";
			};
			name = Debug;
		};
		C78566822887423700B95C3B /* Release */ = {
			isa = XCBuildConfiguration;
			buildSettings = {
				ALWAYS_SEARCH_USER_PATHS = NO;
				CLANG_ANALYZER_NONNULL = YES;
				CLANG_ANALYZER_NUMBER_OBJECT_CONVERSION = YES_AGGRESSIVE;
				CLANG_CXX_LANGUAGE_STANDARD = "gnu++17";
				CLANG_ENABLE_MODULES = YES;
				CLANG_ENABLE_OBJC_ARC = YES;
				CLANG_ENABLE_OBJC_WEAK = YES;
				CLANG_WARN_BLOCK_CAPTURE_AUTORELEASING = YES;
				CLANG_WARN_BOOL_CONVERSION = YES;
				CLANG_WARN_COMMA = YES;
				CLANG_WARN_CONSTANT_CONVERSION = YES;
				CLANG_WARN_DEPRECATED_OBJC_IMPLEMENTATIONS = YES;
				CLANG_WARN_DIRECT_OBJC_ISA_USAGE = YES_ERROR;
				CLANG_WARN_DOCUMENTATION_COMMENTS = YES;
				CLANG_WARN_EMPTY_BODY = YES;
				CLANG_WARN_ENUM_CONVERSION = YES;
				CLANG_WARN_INFINITE_RECURSION = YES;
				CLANG_WARN_INT_CONVERSION = YES;
				CLANG_WARN_NON_LITERAL_NULL_CONVERSION = YES;
				CLANG_WARN_OBJC_IMPLICIT_RETAIN_SELF = YES;
				CLANG_WARN_OBJC_LITERAL_CONVERSION = YES;
				CLANG_WARN_OBJC_ROOT_CLASS = YES_ERROR;
				CLANG_WARN_QUOTED_INCLUDE_IN_FRAMEWORK_HEADER = YES;
				CLANG_WARN_RANGE_LOOP_ANALYSIS = YES;
				CLANG_WARN_STRICT_PROTOTYPES = YES;
				CLANG_WARN_SUSPICIOUS_MOVE = YES;
				CLANG_WARN_UNGUARDED_AVAILABILITY = YES_AGGRESSIVE;
				CLANG_WARN_UNREACHABLE_CODE = YES;
				CLANG_WARN__DUPLICATE_METHOD_MATCH = YES;
				COPY_PHASE_STRIP = NO;
				DEBUG_INFORMATION_FORMAT = "dwarf-with-dsym";
				ENABLE_NS_ASSERTIONS = NO;
				ENABLE_STRICT_OBJC_MSGSEND = YES;
				GCC_C_LANGUAGE_STANDARD = gnu11;
				GCC_NO_COMMON_BLOCKS = YES;
				GCC_WARN_64_TO_32_BIT_CONVERSION = YES;
				GCC_WARN_ABOUT_RETURN_TYPE = YES_ERROR;
				GCC_WARN_UNDECLARED_SELECTOR = YES;
				GCC_WARN_UNINITIALIZED_AUTOS = YES_AGGRESSIVE;
				GCC_WARN_UNUSED_FUNCTION = YES;
				GCC_WARN_UNUSED_VARIABLE = YES;
				IPHONEOS_DEPLOYMENT_TARGET = 15.5;
				MTL_ENABLE_DEBUG_INFO = NO;
				MTL_FAST_MATH = YES;
				SDKROOT = iphoneos;
				SWIFT_COMPILATION_MODE = wholemodule;
				SWIFT_OPTIMIZATION_LEVEL = "-O";
				VALIDATE_PRODUCT = YES;
			};
			name = Release;
		};
		C78566842887423700B95C3B /* Debug */ = {
			isa = XCBuildConfiguration;
			baseConfigurationReference = 9BAE80FB64829E886A420E76 /* Pods-MVVMRxSwift.debug.xcconfig */;
			buildSettings = {
				ASSETCATALOG_COMPILER_APPICON_NAME = AppIcon;
				ASSETCATALOG_COMPILER_GLOBAL_ACCENT_COLOR_NAME = AccentColor;
				CODE_SIGN_IDENTITY = "Apple Development";
				CODE_SIGN_STYLE = Automatic;
				CURRENT_PROJECT_VERSION = 1;
				DEVELOPMENT_TEAM = 49G77KD6LG;
				GENERATE_INFOPLIST_FILE = YES;
				INFOPLIST_FILE = MVVMRxSwift/Resources/Info.plist;
				INFOPLIST_KEY_UIApplicationSupportsIndirectInputEvents = YES;
				INFOPLIST_KEY_UILaunchStoryboardName = LaunchScreen;
				INFOPLIST_KEY_UISupportedInterfaceOrientations_iPad = "UIInterfaceOrientationPortrait UIInterfaceOrientationPortraitUpsideDown UIInterfaceOrientationLandscapeLeft UIInterfaceOrientationLandscapeRight";
				INFOPLIST_KEY_UISupportedInterfaceOrientations_iPhone = "UIInterfaceOrientationPortrait UIInterfaceOrientationLandscapeLeft UIInterfaceOrientationLandscapeRight";
				IPHONEOS_DEPLOYMENT_TARGET = 15.5;
				LD_RUNPATH_SEARCH_PATHS = (
					"$(inherited)",
					"@executable_path/Frameworks",
				);
				MARKETING_VERSION = 1.0;
				PRODUCT_BUNDLE_IDENTIFIER = com.SPB.Boyko.MVVMRxSwift;
				PRODUCT_NAME = "$(TARGET_NAME)";
				PROVISIONING_PROFILE_SPECIFIER = "";
				SWIFT_EMIT_LOC_STRINGS = YES;
				SWIFT_VERSION = 5.0;
				TARGETED_DEVICE_FAMILY = "1,2";
			};
			name = Debug;
		};
		C78566852887423700B95C3B /* Release */ = {
			isa = XCBuildConfiguration;
			baseConfigurationReference = 936E8652C66ADB909EB468A2 /* Pods-MVVMRxSwift.release.xcconfig */;
			buildSettings = {
				ASSETCATALOG_COMPILER_APPICON_NAME = AppIcon;
				ASSETCATALOG_COMPILER_GLOBAL_ACCENT_COLOR_NAME = AccentColor;
				CODE_SIGN_IDENTITY = "Apple Development";
				CODE_SIGN_STYLE = Automatic;
				CURRENT_PROJECT_VERSION = 1;
				DEVELOPMENT_TEAM = 49G77KD6LG;
				GENERATE_INFOPLIST_FILE = YES;
				INFOPLIST_FILE = MVVMRxSwift/Resources/Info.plist;
				INFOPLIST_KEY_UIApplicationSupportsIndirectInputEvents = YES;
				INFOPLIST_KEY_UILaunchStoryboardName = LaunchScreen;
				INFOPLIST_KEY_UISupportedInterfaceOrientations_iPad = "UIInterfaceOrientationPortrait UIInterfaceOrientationPortraitUpsideDown UIInterfaceOrientationLandscapeLeft UIInterfaceOrientationLandscapeRight";
				INFOPLIST_KEY_UISupportedInterfaceOrientations_iPhone = "UIInterfaceOrientationPortrait UIInterfaceOrientationLandscapeLeft UIInterfaceOrientationLandscapeRight";
				IPHONEOS_DEPLOYMENT_TARGET = 15.5;
				LD_RUNPATH_SEARCH_PATHS = (
					"$(inherited)",
					"@executable_path/Frameworks",
				);
				MARKETING_VERSION = 1.0;
				PRODUCT_BUNDLE_IDENTIFIER = com.SPB.Boyko.MVVMRxSwift;
				PRODUCT_NAME = "$(TARGET_NAME)";
				PROVISIONING_PROFILE_SPECIFIER = "";
				SWIFT_EMIT_LOC_STRINGS = YES;
				SWIFT_VERSION = 5.0;
				TARGETED_DEVICE_FAMILY = "1,2";
			};
			name = Release;
		};
		C78566872887423700B95C3B /* Debug */ = {
			isa = XCBuildConfiguration;
			baseConfigurationReference = 6A9535F517B8C9ECE31C2CA0 /* Pods-MVVMRxSwiftTests.debug.xcconfig */;
			buildSettings = {
				ALWAYS_EMBED_SWIFT_STANDARD_LIBRARIES = YES;
				BUNDLE_LOADER = "$(TEST_HOST)";
				CODE_SIGN_STYLE = Automatic;
				CURRENT_PROJECT_VERSION = 1;
				GENERATE_INFOPLIST_FILE = YES;
				IPHONEOS_DEPLOYMENT_TARGET = 15.5;
				MARKETING_VERSION = 1.0;
				PRODUCT_BUNDLE_IDENTIFIER = com.SPB.Boyko.MVVMRxSwiftTests;
				PRODUCT_NAME = "$(TARGET_NAME)";
				SWIFT_EMIT_LOC_STRINGS = NO;
				SWIFT_VERSION = 5.0;
				TARGETED_DEVICE_FAMILY = "1,2";
				TEST_HOST = "$(BUILT_PRODUCTS_DIR)/MVVMRxSwift.app/MVVMRxSwift";
			};
			name = Debug;
		};
		C78566882887423700B95C3B /* Release */ = {
			isa = XCBuildConfiguration;
			baseConfigurationReference = 4BD808A57830EE8D7DCB69CA /* Pods-MVVMRxSwiftTests.release.xcconfig */;
			buildSettings = {
				ALWAYS_EMBED_SWIFT_STANDARD_LIBRARIES = YES;
				BUNDLE_LOADER = "$(TEST_HOST)";
				CODE_SIGN_STYLE = Automatic;
				CURRENT_PROJECT_VERSION = 1;
				GENERATE_INFOPLIST_FILE = YES;
				IPHONEOS_DEPLOYMENT_TARGET = 15.5;
				MARKETING_VERSION = 1.0;
				PRODUCT_BUNDLE_IDENTIFIER = com.SPB.Boyko.MVVMRxSwiftTests;
				PRODUCT_NAME = "$(TARGET_NAME)";
				SWIFT_EMIT_LOC_STRINGS = NO;
				SWIFT_VERSION = 5.0;
				TARGETED_DEVICE_FAMILY = "1,2";
				TEST_HOST = "$(BUILT_PRODUCTS_DIR)/MVVMRxSwift.app/MVVMRxSwift";
			};
			name = Release;
		};
		C785668A2887423700B95C3B /* Debug */ = {
			isa = XCBuildConfiguration;
			baseConfigurationReference = C588318A4E7C9D88430A0463 /* Pods-MVVMRxSwift-MVVMRxSwiftUITests.debug.xcconfig */;
			buildSettings = {
				ALWAYS_EMBED_SWIFT_STANDARD_LIBRARIES = YES;
				CODE_SIGN_STYLE = Automatic;
				CURRENT_PROJECT_VERSION = 1;
				GENERATE_INFOPLIST_FILE = YES;
				MARKETING_VERSION = 1.0;
				PRODUCT_BUNDLE_IDENTIFIER = com.SPB.Boyko.MVVMRxSwiftUITests;
				PRODUCT_NAME = "$(TARGET_NAME)";
				SWIFT_EMIT_LOC_STRINGS = NO;
				SWIFT_VERSION = 5.0;
				TARGETED_DEVICE_FAMILY = "1,2";
				TEST_TARGET_NAME = MVVMRxSwift;
			};
			name = Debug;
		};
		C785668B2887423700B95C3B /* Release */ = {
			isa = XCBuildConfiguration;
			baseConfigurationReference = 3EB945E7A88D8C242854467E /* Pods-MVVMRxSwift-MVVMRxSwiftUITests.release.xcconfig */;
			buildSettings = {
				ALWAYS_EMBED_SWIFT_STANDARD_LIBRARIES = YES;
				CODE_SIGN_STYLE = Automatic;
				CURRENT_PROJECT_VERSION = 1;
				GENERATE_INFOPLIST_FILE = YES;
				MARKETING_VERSION = 1.0;
				PRODUCT_BUNDLE_IDENTIFIER = com.SPB.Boyko.MVVMRxSwiftUITests;
				PRODUCT_NAME = "$(TARGET_NAME)";
				SWIFT_EMIT_LOC_STRINGS = NO;
				SWIFT_VERSION = 5.0;
				TARGETED_DEVICE_FAMILY = "1,2";
				TEST_TARGET_NAME = MVVMRxSwift;
			};
			name = Release;
		};
/* End XCBuildConfiguration section */

/* Begin XCConfigurationList section */
		C78566542887423600B95C3B /* Build configuration list for PBXProject "MVVMRxSwift" */ = {
			isa = XCConfigurationList;
			buildConfigurations = (
				C78566812887423700B95C3B /* Debug */,
				C78566822887423700B95C3B /* Release */,
			);
			defaultConfigurationIsVisible = 0;
			defaultConfigurationName = Release;
		};
		C78566832887423700B95C3B /* Build configuration list for PBXNativeTarget "MVVMRxSwift" */ = {
			isa = XCConfigurationList;
			buildConfigurations = (
				C78566842887423700B95C3B /* Debug */,
				C78566852887423700B95C3B /* Release */,
			);
			defaultConfigurationIsVisible = 0;
			defaultConfigurationName = Release;
		};
		C78566862887423700B95C3B /* Build configuration list for PBXNativeTarget "MVVMRxSwiftTests" */ = {
			isa = XCConfigurationList;
			buildConfigurations = (
				C78566872887423700B95C3B /* Debug */,
				C78566882887423700B95C3B /* Release */,
			);
			defaultConfigurationIsVisible = 0;
			defaultConfigurationName = Release;
		};
		C78566892887423700B95C3B /* Build configuration list for PBXNativeTarget "MVVMRxSwiftUITests" */ = {
			isa = XCConfigurationList;
			buildConfigurations = (
				C785668A2887423700B95C3B /* Debug */,
				C785668B2887423700B95C3B /* Release */,
			);
			defaultConfigurationIsVisible = 0;
			defaultConfigurationName = Release;
		};
/* End XCConfigurationList section */
	};
	rootObject = C78566512887423600B95C3B /* Project object */;
}
